# This file is generated by running "yarn install" inside your project.
# Manual changes might be lost - proceed with caution!

__metadata:
  version: 7
  cacheKey: 9

"@gar/promisify@npm:^1.1.3":
  version: 1.1.3
  resolution: "@gar/promisify@npm:1.1.3"
  checksum: 3fadc40481a783ddb90397f5759f92650b57465f7a4a778056bd24b47060595012e9181a55ae547d57a893d37d9776abe9e368f1f6918e37225eb6a83f9a75f8
  languageName: node
  linkType: hard

"@next/env@npm:13.1.6":
  version: 13.1.6
  resolution: "@next/env@npm:13.1.6"
  checksum: adc465cc266b11b06e4d8006bc986f778984e315332c3fa0739fd356b1ddb625d9ca0da073b9bc429ef4b6fb5f3c3a7296aecbfed4ac26a06c757682167d0c1e
  languageName: node
  linkType: hard

"@next/font@npm:13.1.6":
  version: 13.1.6
  resolution: "@next/font@npm:13.1.6"
  checksum: 755a4684efcb5bb01f6266d57db8646a9c919fed24b6fef075580aa61d41a8be152a044995374971388f1065094dc03c879959b890cdcab9ae4de313d1065541
  languageName: node
  linkType: hard

"@next/swc-android-arm-eabi@npm:13.1.6":
  version: 13.1.6
  resolution: "@next/swc-android-arm-eabi@npm:13.1.6"
  conditions: os=android & cpu=arm
  languageName: node
  linkType: hard

"@next/swc-android-arm64@npm:13.1.6":
  version: 13.1.6
  resolution: "@next/swc-android-arm64@npm:13.1.6"
  conditions: os=android & cpu=arm64
  languageName: node
  linkType: hard

"@next/swc-darwin-arm64@npm:13.1.6":
  version: 13.1.6
  resolution: "@next/swc-darwin-arm64@npm:13.1.6"
  conditions: os=darwin & cpu=arm64
  languageName: node
  linkType: hard

"@next/swc-darwin-x64@npm:13.1.6":
  version: 13.1.6
  resolution: "@next/swc-darwin-x64@npm:13.1.6"
  conditions: os=darwin & cpu=x64
  languageName: node
  linkType: hard

"@next/swc-freebsd-x64@npm:13.1.6":
  version: 13.1.6
  resolution: "@next/swc-freebsd-x64@npm:13.1.6"
  conditions: os=freebsd & cpu=x64
  languageName: node
  linkType: hard

"@next/swc-linux-arm-gnueabihf@npm:13.1.6":
  version: 13.1.6
  resolution: "@next/swc-linux-arm-gnueabihf@npm:13.1.6"
  conditions: os=linux & cpu=arm
  languageName: node
  linkType: hard

"@next/swc-linux-arm64-gnu@npm:13.1.6":
  version: 13.1.6
  resolution: "@next/swc-linux-arm64-gnu@npm:13.1.6"
  conditions: os=linux & cpu=arm64 & libc=glibc
  languageName: node
  linkType: hard

"@next/swc-linux-arm64-musl@npm:13.1.6":
  version: 13.1.6
  resolution: "@next/swc-linux-arm64-musl@npm:13.1.6"
  conditions: os=linux & cpu=arm64 & libc=musl
  languageName: node
  linkType: hard

"@next/swc-linux-x64-gnu@npm:13.1.6":
  version: 13.1.6
  resolution: "@next/swc-linux-x64-gnu@npm:13.1.6"
  conditions: os=linux & cpu=x64 & libc=glibc
  languageName: node
  linkType: hard

"@next/swc-linux-x64-musl@npm:13.1.6":
  version: 13.1.6
  resolution: "@next/swc-linux-x64-musl@npm:13.1.6"
  conditions: os=linux & cpu=x64 & libc=musl
  languageName: node
  linkType: hard

"@next/swc-win32-arm64-msvc@npm:13.1.6":
  version: 13.1.6
  resolution: "@next/swc-win32-arm64-msvc@npm:13.1.6"
  conditions: os=win32 & cpu=arm64
  languageName: node
  linkType: hard

"@next/swc-win32-ia32-msvc@npm:13.1.6":
  version: 13.1.6
  resolution: "@next/swc-win32-ia32-msvc@npm:13.1.6"
  conditions: os=win32 & cpu=ia32
  languageName: node
  linkType: hard

"@next/swc-win32-x64-msvc@npm:13.1.6":
  version: 13.1.6
  resolution: "@next/swc-win32-x64-msvc@npm:13.1.6"
  conditions: os=win32 & cpu=x64
  languageName: node
  linkType: hard

"@npmcli/fs@npm:^2.1.0":
  version: 2.1.2
  resolution: "@npmcli/fs@npm:2.1.2"
  dependencies:
    "@gar/promisify": "npm:^1.1.3"
    semver: "npm:^7.3.5"
  checksum: 82bc61f832f45e2033ea3522f66a94de50e5561577b1f3af226576ad5467c240375eba948d4ea1ca146e7871740fb3005e7c4f3f1ab616e79a5a5cedd9fdb789
  languageName: node
  linkType: hard

"@npmcli/move-file@npm:^2.0.0":
  version: 2.0.1
  resolution: "@npmcli/move-file@npm:2.0.1"
  dependencies:
    mkdirp: "npm:^1.0.4"
    rimraf: "npm:^3.0.2"
  checksum: 3557a12cd18dfb5bcd5d5cf910b783832af50ffba28fd5bb510c3c56b2df0481558b9ec6d3008e8eeefb9f2944bdc1d34832b1a8bbf6ad1cd2f256bf12c84ff0
  languageName: node
  linkType: hard

"@supabase/functions-js@npm:^2.0.0":
  version: 2.0.0
  resolution: "@supabase/functions-js@npm:2.0.0"
  dependencies:
    cross-fetch: "npm:^3.1.5"
  checksum: d3aa08fe3aa926d8ec11023b41c0048817fbe4dfad276639c09f9f0cfe469077c790db9441b65e8787f1d47f014ae115b36f03f9fcf6ad0eba19e41a29ce8b85
  languageName: node
  linkType: hard

"@supabase/gotrue-js@npm:^2.10.2":
  version: 2.11.0
  resolution: "@supabase/gotrue-js@npm:2.11.0"
  dependencies:
    cross-fetch: "npm:^3.1.5"
  checksum: ddab0f176d19d2c18acdba8686d4115774e4226ff299e6ccfeaa4076dba3011df335dbb21a3126e6b872bf57767289741771fd472251f0c058e16ba57df62e6a
  languageName: node
  linkType: hard

"@supabase/postgrest-js@npm:^1.1.1":
  version: 1.3.0
  resolution: "@supabase/postgrest-js@npm:1.3.0"
  dependencies:
    cross-fetch: "npm:^3.1.5"
  checksum: e7807908c803f9159e1ba1dc181fa8b8d990a9796cf90fe2fc3e4d7601d938e45d3da4108148ae9522c7b2196a42c25535b3453fe846310ce5d4c3165656359e
  languageName: node
  linkType: hard

"@supabase/realtime-js@npm:^2.4.0":
  version: 2.6.0
  resolution: "@supabase/realtime-js@npm:2.6.0"
  dependencies:
    "@types/phoenix": "npm:^1.5.4"
    websocket: "npm:^1.0.34"
  checksum: f1eb89d7e17bf32dec3c8f61f08e6214307585a4f55eb1769fd27a3bafdc12c80e8b1d4c980714b0c61534a3c1267f7863fc490df2b9c53f70a8bf80f7118a55
  languageName: node
  linkType: hard

"@supabase/storage-js@npm:^2.1.0":
  version: 2.3.0
  resolution: "@supabase/storage-js@npm:2.3.0"
  dependencies:
    cross-fetch: "npm:^3.1.5"
  checksum: 1402ca46d18f1328a84762f2526537f58c3a629be7e34075f3d8eead15e2413e3615740d6053c8c536ec74c60fca9e48e2e56f10e8a5c479c76f0e239baebdff
  languageName: node
  linkType: hard

"@supabase/supabase-js@npm:^2.7.0":
  version: 2.7.0
  resolution: "@supabase/supabase-js@npm:2.7.0"
  dependencies:
    "@supabase/functions-js": "npm:^2.0.0"
    "@supabase/gotrue-js": "npm:^2.10.2"
    "@supabase/postgrest-js": "npm:^1.1.1"
    "@supabase/realtime-js": "npm:^2.4.0"
    "@supabase/storage-js": "npm:^2.1.0"
    cross-fetch: "npm:^3.1.5"
  checksum: ba2ceb8a8ea7821af0f99e75f1c22a2e43c82301c4567f8c1edbdf02116bb1e5b09017b877e78387f0a8c3b73f236c11e4e5e2ee44e18c57475cd4134a4e473d
  languageName: node
  linkType: hard

"@swc/helpers@npm:0.4.14":
  version: 0.4.14
  resolution: "@swc/helpers@npm:0.4.14"
  dependencies:
    tslib: "npm:^2.4.0"
  checksum: 39441920bbc95a5d13538f2250af91ec0e32b65fe3c774bbfc8912199e6a92d77705b2c7b3f3e3cbbe1e6e58978637a5b9fc5f3908fda94a73f0ed998f3dea6d
  languageName: node
  linkType: hard

"@tootallnate/once@npm:2":
  version: 2.0.0
  resolution: "@tootallnate/once@npm:2.0.0"
  checksum: d9f7f2130a0a2e1ea50f3bc90b83a8b99c913bbb80d7a1706f7f4730292ef299d18443c3b57a42dfb17c6559c9085e13f751b1b6c969bcff7bee3eeaf9da4dec
  languageName: node
  linkType: hard

"@types/phoenix@npm:^1.5.4":
  version: 1.5.4
  resolution: "@types/phoenix@npm:1.5.4"
  checksum: 3e0b4fb3578f16e7ba31848a789f4b594ecc11256320f4b4fb7a8f70b2121ade28da7b004e372fda5991125105276e6a802e5d8a4212520d759fb10a914de6dd
  languageName: node
  linkType: hard

"abbrev@npm:^1.0.0":
  version: 1.1.1
  resolution: "abbrev@npm:1.1.1"
  checksum: 76e7fb9283b13208d5cf55df46669f9cf5e72007cb66595849be2d5e96c0a43704132d030c5705f9447266183986e1e8a4fc3e9578cb60a1f19cf0157664f957
  languageName: node
  linkType: hard

"agent-base@npm:6, agent-base@npm:^6.0.2":
  version: 6.0.2
  resolution: "agent-base@npm:6.0.2"
  dependencies:
    debug: "npm:4"
  checksum: 2d0cdeccfe3058cb18661db3bcbb6cc092144eaecd7da3ee4321be0490d5654e53dbd08c28690d83f55f791b0369819f5872ee5122a2aad0a39edbc51798f01b
  languageName: node
  linkType: hard

"agentkeepalive@npm:^4.2.1":
  version: 4.2.1
  resolution: "agentkeepalive@npm:4.2.1"
  dependencies:
    debug: "npm:^4.1.0"
    depd: "npm:^1.1.2"
    humanize-ms: "npm:^1.2.1"
  checksum: c0a7067d1bec147b40bc046ed3ad32bfff35014e7d20e21219f90a21df661d85124e5ffa5bd89118d7ceac9105e2e9b0525ea317a2958b39a357535394b483b0
  languageName: node
  linkType: hard

"aggregate-error@npm:^3.0.0":
  version: 3.1.0
  resolution: "aggregate-error@npm:3.1.0"
  dependencies:
    clean-stack: "npm:^2.0.0"
    indent-string: "npm:^4.0.0"
  checksum: 676b1da86a0ff06a29d9a318109752990c28aae4600f6d094845a679f388a2a246402d993d223165d208122d81823235969132dc09439de2eee50a9f48fa9db9
  languageName: node
  linkType: hard

"ansi-regex@npm:^5.0.1":
  version: 5.0.1
  resolution: "ansi-regex@npm:5.0.1"
  checksum: 627f94ee7fcc5e03186646ebd11ca2ccd954f3cb48fc6a3f42883db6bbf3df5dfba06d62647b2f72c975349fc072c5c44808b7da26d08a9313a7f304acda2efb
  languageName: node
  linkType: hard

"aproba@npm:^1.0.3 || ^2.0.0":
  version: 2.0.0
  resolution: "aproba@npm:2.0.0"
  checksum: 02a080748877ae9a7d8973c37c688669a59971c5ec38a4c44f4a7176a52313da0b0c1e1518f80d3b80d75d0d4a16f25a4151a2316bad3db06bb34cb0245cc4fa
  languageName: node
  linkType: hard

"are-we-there-yet@npm:^3.0.0":
  version: 3.0.1
  resolution: "are-we-there-yet@npm:3.0.1"
  dependencies:
    delegates: "npm:^1.0.0"
    readable-stream: "npm:^3.6.0"
  checksum: 7137e25713c611cf38054434ba377e2f7ad3a4bbdb7ac3565ed5caac786080d1c86ed0b280edd917b4c1001ee0d6ed7bdd53effd69b5af4251e5a4fd18d09fbe
  languageName: node
  linkType: hard

"balanced-match@npm:^1.0.0":
  version: 1.0.2
  resolution: "balanced-match@npm:1.0.2"
  checksum: 9ca7fca1845f06edbd8478e209a2e8eed5bb148a021719e77affeaf0c61e45af20279e4540a9f11942acc27c078fc132ff0ebc9c16a403033cff5af3d8199f40
  languageName: node
  linkType: hard

"brace-expansion@npm:^1.1.7":
  version: 1.1.11
  resolution: "brace-expansion@npm:1.1.11"
  dependencies:
    balanced-match: "npm:^1.0.0"
    concat-map: "npm:0.0.1"
  checksum: 5ecc6da29cd3b4d49a832fd8e48f3a8b6ac058f82fe778eb6751ed30a206c5ec5171f6f632aa1946ffb4f8151136740803f620b15edca8437a9348cbb21a8ba8
  languageName: node
  linkType: hard

"brace-expansion@npm:^2.0.1":
  version: 2.0.1
  resolution: "brace-expansion@npm:2.0.1"
  dependencies:
    balanced-match: "npm:^1.0.0"
  checksum: 0f8d0d6a165d636fed93a7dd9321a5ae122cac9a672d8a9e01997e4ae09743cb3cbfb0a6e6b32303cda0f1f40617e2c0953f28f59a6f01d6d12c9698a3f0e41b
  languageName: node
  linkType: hard

"bufferutil@npm:^4.0.1":
  version: 4.0.7
  resolution: "bufferutil@npm:4.0.7"
  dependencies:
    node-gyp: "npm:latest"
    node-gyp-build: "npm:^4.3.0"
  checksum: 617dd2b9df03ce55171c8c21335d9ed6940d5103002bb1caafd067032c669c5f148413b770de941dab382228c99c9fc2fb279b7c44c92d275849ecc216fba0c0
  languageName: node
  linkType: hard

"cacache@npm:^16.1.0":
  version: 16.1.3
  resolution: "cacache@npm:16.1.3"
  dependencies:
    "@npmcli/fs": "npm:^2.1.0"
    "@npmcli/move-file": "npm:^2.0.0"
    chownr: "npm:^2.0.0"
    fs-minipass: "npm:^2.1.0"
    glob: "npm:^8.0.1"
    infer-owner: "npm:^1.0.4"
    lru-cache: "npm:^7.7.1"
    minipass: "npm:^3.1.6"
    minipass-collect: "npm:^1.0.2"
    minipass-flush: "npm:^1.0.5"
    minipass-pipeline: "npm:^1.2.4"
    mkdirp: "npm:^1.0.4"
    p-map: "npm:^4.0.0"
    promise-inflight: "npm:^1.0.1"
    rimraf: "npm:^3.0.2"
    ssri: "npm:^9.0.0"
    tar: "npm:^6.1.11"
    unique-filename: "npm:^2.0.0"
  checksum: 54f39565219c47ac624e0efeae123551b5391844f18ae69d0c344f51ce2b9ae4adec62316e5eae7e11cf83c3c21f726a0117d55400182779dce687887ce3f50e
  languageName: node
  linkType: hard

"caniuse-lite@npm:^1.0.30001406":
  version: 1.0.30001450
  resolution: "caniuse-lite@npm:1.0.30001450"
  checksum: 2fb0262238b10d650150804f02fa666b5d9cf53d6645e9efc3b3ebe2fa5f4cc1de161925217ebc503eedd6662084dbef0bb4743e143b46e535851b1b308de5a9
  languageName: node
  linkType: hard

"chownr@npm:^2.0.0":
  version: 2.0.0
  resolution: "chownr@npm:2.0.0"
  checksum: 7b240ff920db951fd3841116c5e0e2ec4750e20c85cd044ea78f636202e1fa47ce0a20d48c3c912edc52ea0f1615aba37bdd6297d3a731b517647ed33c3dee09
  languageName: node
  linkType: hard

"clean-stack@npm:^2.0.0":
  version: 2.2.0
  resolution: "clean-stack@npm:2.2.0"
  checksum: 0a476c914f0a5e9e12b215729e1a633fcbdd47b8c3d508ebe6441f2ef8d5047fdd0800926349dd18253db4bfcab3e48aa0aca1f2e7f5d614f7194778d7851be4
  languageName: node
  linkType: hard

"client-only@npm:0.0.1":
  version: 0.0.1
  resolution: "client-only@npm:0.0.1"
  checksum: d2117e1ff1ceaaa6c21ce705f5516fbdb197d5a10e7ebc6f698cb550cae63394da07d1a73045bc208f5608e953523ac807009cfb88a7e4c740df5da347ce722f
  languageName: node
  linkType: hard

"color-support@npm:^1.1.3":
  version: 1.1.3
  resolution: "color-support@npm:1.1.3"
  bin:
    color-support: bin.js
  checksum: 8dc879a976be92306773276728e0bbb0925478b2373f133a98e563c497ccd58f220b9c30cea37c72678fe071627d7391b3751a1b92aaa5e872cd278b00b96b74
  languageName: node
  linkType: hard

"concat-map@npm:0.0.1":
  version: 0.0.1
  resolution: "concat-map@npm:0.0.1"
  checksum: 88222f18b3a68b71fe4473a146c8ed3315ec0488703104319c53543ad4668af3e79418ab79e2fa8032ee04c3eb45cc478815b89877a048cc5ba34e201bc15c35
  languageName: node
  linkType: hard

"console-control-strings@npm:^1.1.0":
  version: 1.1.0
  resolution: "console-control-strings@npm:1.1.0"
  checksum: d286ffd439aac97472557325e6aa4cc3a2eefe495a70a9640b89508880db4bba1bd1b29bb011608c23033d884c84cac8da95c8f12ca0ec69ccc70d6d5f39c618
  languageName: node
  linkType: hard

"cross-fetch@npm:^3.1.5":
  version: 3.1.5
  resolution: "cross-fetch@npm:3.1.5"
  dependencies:
    node-fetch: "npm:2.6.7"
  checksum: 83fa7b13186c55abf289d6907b7d0be13e8c85066fb7d82a99b1b16ebcbf4cb49bcd9806020e386c94d69c7c09e15c4aade7de56ece40f86dba0147915d5c196
  languageName: node
  linkType: hard

"d@npm:1, d@npm:^1.0.1":
  version: 1.0.1
  resolution: "d@npm:1.0.1"
  dependencies:
    es5-ext: "npm:^0.10.50"
    type: "npm:^1.0.1"
  checksum: 41085148f32d71ee2ea698db3bcc00115a83a44251ffc7180d66b3ff2b7fd9482a8374b048062cb0f1996df5f3449745894c87d2d449c711c5145db78c9559bf
  languageName: node
  linkType: hard

"debug@npm:4, debug@npm:^4.1.0, debug@npm:^4.3.3":
  version: 4.3.4
  resolution: "debug@npm:4.3.4"
  dependencies:
    ms: "npm:2.1.2"
  peerDependenciesMeta:
    supports-color:
      optional: true
  checksum: ab50d98b6f2a0e803379e8f789017f4215efd0e085774623e462c691e9f99bfd359a35f7424ff401da3ea58b31f89ceebc9ea35779b4a94f78b0ee3e235b6640
  languageName: node
  linkType: hard

"debug@npm:^2.2.0":
  version: 2.6.9
  resolution: "debug@npm:2.6.9"
  dependencies:
    ms: "npm:2.0.0"
  checksum: 143f776060e764362b11d8788c6ef7b125fe930f0b5766559c11521af6dfc256979726167a66218249d8e2f99548c1a8bdb026aad577deecc86b56b4652d4626
  languageName: node
  linkType: hard

"delegates@npm:^1.0.0":
  version: 1.0.0
  resolution: "delegates@npm:1.0.0"
  checksum: 2ef8c043c6caea7f00f23236e0606b00f10d2b497657d63d230e50efdef307936b070734187b03960b9c4afe64ce9e09a77c01da60e661d42dcefec11ce41c30
  languageName: node
  linkType: hard

"depd@npm:^1.1.2":
  version: 1.1.2
  resolution: "depd@npm:1.1.2"
  checksum: e9fb93771e7cf3d88c4e38ca95742f7c58cae31928eb5e67a1a14d970325a02755451bb7fafc2db72333a5cf7fc14e07e4f8d709c0df70143355e77e8d090bac
  languageName: node
  linkType: hard

"emoji-regex@npm:^8.0.0":
  version: 8.0.0
  resolution: "emoji-regex@npm:8.0.0"
  checksum: 0b84c9059a3f051e3da79112ee450f22bc8466dde2a7e09a0b1fc4eff3b98183596e6e2704d5356266851e2a013d95467421eb81c36408fbab1aeb3fc5e4764f
  languageName: node
  linkType: hard

"encoding@npm:^0.1.13":
  version: 0.1.13
  resolution: "encoding@npm:0.1.13"
  dependencies:
    iconv-lite: "npm:^0.6.2"
  checksum: 954eb7d006c8d466207dcda57ddd15b1d6667607b8da15c7ce400d377504aafcc5e2f5507027cfb045cad7aefd15d18aa3f6e14f3a73ed2b26ad5ff08004536b
  languageName: node
  linkType: hard

"env-paths@npm:^2.2.0":
  version: 2.2.1
  resolution: "env-paths@npm:2.2.1"
  checksum: 528af3898854262b86b3adb5de09e6c81b8c0e3f4f675750282281b86782ddc3c33ffc13598d903d9eb23652f339ded86c994b61fe06e5f9cbb69a191f62244b
  languageName: node
  linkType: hard

"err-code@npm:^2.0.2":
  version: 2.0.3
  resolution: "err-code@npm:2.0.3"
  checksum: 12244d58c3eeb73a5ebf633ff615b2366cedaccfea3c2b4d6a3295f6440661052e9574c71f89d6dc8a5466e3d84be0b1994e2a4017ab10e1f037f8be1ca89a37
  languageName: node
  linkType: hard

"es5-ext@npm:^0.10.35, es5-ext@npm:^0.10.50":
  version: 0.10.62
  resolution: "es5-ext@npm:0.10.62"
  dependencies:
    es6-iterator: "npm:^2.0.3"
    es6-symbol: "npm:^3.1.3"
    next-tick: "npm:^1.1.0"
  checksum: b24158bdb79a8de8bbe2f3f75c5dc12a4a5f1da0892cc3f84da7c4d11bfab4665077f591f851f113b13c39ff6f0a300b7de0171e0ad3ebe7ac1124058cb35c94
  languageName: node
  linkType: hard

"es6-iterator@npm:^2.0.3":
  version: 2.0.3
  resolution: "es6-iterator@npm:2.0.3"
  dependencies:
    d: "npm:1"
    es5-ext: "npm:^0.10.35"
    es6-symbol: "npm:^3.1.1"
  checksum: 20961c24246d7bfd7c10d182c370022a3cd4fb72162ac6194d45554b8b949e5997e03d98bc33219f65e9a9d707e75359f66e87476a14e0602efb6748cd9b5729
  languageName: node
  linkType: hard

"es6-symbol@npm:^3.1.1, es6-symbol@npm:^3.1.3":
  version: 3.1.3
  resolution: "es6-symbol@npm:3.1.3"
  dependencies:
    d: "npm:^1.0.1"
    ext: "npm:^1.1.2"
  checksum: 731987d44a45373f003fa360b3db462982746078bd028fbadc8e49954f726664af145b8e74362c0ddecb829ec26e46a7eaf30eff50a5b39a78cd5cba25f83a49
  languageName: node
  linkType: hard

"ext@npm:^1.1.2":
  version: 1.7.0
  resolution: "ext@npm:1.7.0"
  dependencies:
    type: "npm:^2.7.2"
  checksum: 71909e5a40c77848b40613cdc1036864450fc63ae52423f7b87e4491e1efa8662cc2301f3685c101bd38cc8535e4d72efc233f17e56af301f46d233fbcb31f50
  languageName: node
  linkType: hard

"fs-minipass@npm:^2.0.0, fs-minipass@npm:^2.1.0":
  version: 2.1.0
  resolution: "fs-minipass@npm:2.1.0"
  dependencies:
    minipass: "npm:^3.0.0"
  checksum: 56d19f9a034cbef50b7fe846a71ab1a6a7ee7906205f9f18b7c9696e1f6d83c4d708a0196c65536f34e569205664840dd4f97f1286a26148a4c5bf74a67fe8db
  languageName: node
  linkType: hard

"fs.realpath@npm:^1.0.0":
  version: 1.0.0
  resolution: "fs.realpath@npm:1.0.0"
  checksum: 477fb3547134ce67d71531a19b2597028d2efaeced56a2fcb125ba9994a4204685d256795e4a5b68e5d866d11d8d0dd9050937cb44037beb4caeb3acb75602e2
  languageName: node
  linkType: hard

"gauge@npm:^4.0.3":
  version: 4.0.4
  resolution: "gauge@npm:4.0.4"
  dependencies:
    aproba: "npm:^1.0.3 || ^2.0.0"
    color-support: "npm:^1.1.3"
    console-control-strings: "npm:^1.1.0"
    has-unicode: "npm:^2.0.1"
    signal-exit: "npm:^3.0.7"
    string-width: "npm:^4.2.3"
    strip-ansi: "npm:^6.0.1"
    wide-align: "npm:^1.1.5"
  checksum: 4fc68f770dba9962a326918f33f58f2458eddea08442c2d716238357e4291dee4223a812ce11084b54f928d607e4dfb6f380ba28d435b2721de94a22d5600669
  languageName: node
  linkType: hard

"ginvo@workspace:.":
  version: 0.0.0-use.local
  resolution: "ginvo@workspace:."
  dependencies:
    "@next/font": "npm:13.1.6"
    "@supabase/supabase-js": "npm:^2.7.0"
    next: "npm:13.1.6"
    react: "npm:18.2.0"
    react-dom: "npm:18.2.0"
  languageName: unknown
  linkType: soft

"glob@npm:^7.1.3, glob@npm:^7.1.4":
  version: 7.2.3
  resolution: "glob@npm:7.2.3"
  dependencies:
    fs.realpath: "npm:^1.0.0"
    inflight: "npm:^1.0.4"
    inherits: "npm:2"
    minimatch: "npm:^3.1.1"
    once: "npm:^1.3.0"
    path-is-absolute: "npm:^1.0.0"
  checksum: c55966a5db7ed2f30976a1490f3165f9d4e20ac7cabf01b55da4cc4f8f53a4c506e6f427e469c2fbf68636200871f3acf07e159ba6d9b65e7386216b98474a34
  languageName: node
  linkType: hard

"glob@npm:^8.0.1":
  version: 8.1.0
  resolution: "glob@npm:8.1.0"
  dependencies:
    fs.realpath: "npm:^1.0.0"
    inflight: "npm:^1.0.4"
    inherits: "npm:2"
    minimatch: "npm:^5.0.1"
    once: "npm:^1.3.0"
  checksum: b2d53aa8d54a3e5b3998f52e72140deea385d292a68719144cda70148c335aa956bd03a643f50f6e4f685ee40ae538ee62a96278cc7b797f731a50a3babfcf63
  languageName: node
  linkType: hard

"graceful-fs@npm:^4.2.6":
  version: 4.2.10
  resolution: "graceful-fs@npm:4.2.10"
  checksum: 6b5f9b5aeaee0459b9c37bdbf9624f788703ce291d6bf2d7751f5003942e853f232ca613aec818d1ff7622379bc8b434c635bfda99db93e0b9b8da80ec3d844d
  languageName: node
  linkType: hard

"has-unicode@npm:^2.0.1":
  version: 2.0.1
  resolution: "has-unicode@npm:2.0.1"
  checksum: d7f38422bc8e339b52014ed5aea2fdcb6545e583ac252081bc7d0970ae8eaa6efa3d056aa3119ac5825bc51fc289b53fa7b3588a40b8bf71a0dabc346513c485
  languageName: node
  linkType: hard

"http-cache-semantics@npm:^4.1.0":
  version: 4.1.1
  resolution: "http-cache-semantics@npm:4.1.1"
  checksum: 7b4d86f99fb3f07b6a49219420ebdffa077ee99bc5fe1df1f353b84c3d321c767a083a48291afb2fc34a627661b6d54c80a927639a7be9e0c43e8c4f921816bd
  languageName: node
  linkType: hard

"http-proxy-agent@npm:^5.0.0":
  version: 5.0.0
  resolution: "http-proxy-agent@npm:5.0.0"
  dependencies:
    "@tootallnate/once": "npm:2"
    agent-base: "npm:6"
    debug: "npm:4"
  checksum: b59a9b4bdd7c1d3450956a2974cb7b685517c758853a873064a536f5a831879ac92a28c717f69eb60ff3c924b262cb5aaf80cf62f5c2c24d1129d2b8dadf1e7c
  languageName: node
  linkType: hard

"https-proxy-agent@npm:^5.0.0":
  version: 5.0.1
  resolution: "https-proxy-agent@npm:5.0.1"
  dependencies:
    agent-base: "npm:6"
    debug: "npm:4"
  checksum: 8e767faec977400c31bca2ef0f5338b843b781b63fd985c00d199adac2d6c8a5ecc6e553588a6821a058198960f167a3c83f014bd64bef9a15b176d992d29dfe
  languageName: node
  linkType: hard

"humanize-ms@npm:^1.2.1":
  version: 1.2.1
  resolution: "humanize-ms@npm:1.2.1"
  dependencies:
    ms: "npm:^2.0.0"
  checksum: fded981fd3b507fe78f7ce505c3f060e3b53cb2155d279d794a6bddb451bb1c7f865f4ca495dc0bae695ad0c182fd5be3a581b51ba30770e6adfda960bca0e68
  languageName: node
  linkType: hard

"iconv-lite@npm:^0.6.2":
  version: 0.6.3
  resolution: "iconv-lite@npm:0.6.3"
  dependencies:
    safer-buffer: "npm:>= 2.1.2 < 3.0.0"
  checksum: 14633c984e398011b4cce3d453e6566e4cc1b58f257e6fc48ae39c25a158b926e6cd7ee6023cd84aff12952a7581bd10bd4e7954af802dd5678e83b4cb8fdbba
  languageName: node
  linkType: hard

"imurmurhash@npm:^0.1.4":
  version: 0.1.4
  resolution: "imurmurhash@npm:0.1.4"
  checksum: 6e2473e6083063b9f5f21a9586794b3af5b3f87995bcf60cb64f3824a7323c2ae41b4eaf3d7446e20fb66b5f3410094246aa3c52db7585270c8b10f762b8ffa1
  languageName: node
  linkType: hard

"indent-string@npm:^4.0.0":
  version: 4.0.0
  resolution: "indent-string@npm:4.0.0"
  checksum: f4ab9e229c120377a63fce905062e5fdf1c300ca01b72401dda5aa991e8f614fdb2f99fe7cc37ef3234413da4ab43d5a4f905356fdffb9d078e83806d274719c
  languageName: node
  linkType: hard

"infer-owner@npm:^1.0.4":
  version: 1.0.4
  resolution: "infer-owner@npm:1.0.4"
  checksum: 2020f6d0322e7910ce841134a303c69857e456531d8cd01e336f6eea18122d1085b93ebde961745e5f278233f7f8a3d8b60b9276c8dbd3f49c4c352582ec9504
  languageName: node
  linkType: hard

"inflight@npm:^1.0.4":
  version: 1.0.6
  resolution: "inflight@npm:1.0.6"
  dependencies:
    once: "npm:^1.3.0"
    wrappy: "npm:1"
  checksum: 40d0e5db34e05d49b9ad9ac678334269745644f73206862a8dee6e50ada1c8b3e70774ce28d5e6e3b03b7b868c9d9ae1edaf6eff253fc50209e4c69decad1811
  languageName: node
  linkType: hard

"inherits@npm:2, inherits@npm:^2.0.3":
  version: 2.0.4
  resolution: "inherits@npm:2.0.4"
  checksum: ca76c7e45ec715bfe6c1dd67b780b9a15068f37b37ab56cf8b773537b2654238469a42950f5f4d301212755e7512be888f627752e778e1863d95cfedefc8b8bd
  languageName: node
  linkType: hard

"ip@npm:^2.0.0":
  version: 2.0.0
  resolution: "ip@npm:2.0.0"
  checksum: 42a7cf251b844d98a4c3373d06997b991cd1a7f8a5d43bcf2b4f610517d39c5504f6eb3e73e77f5c1453ac766690e82dab28a8a05a49a6fd7d4a40fad93640e9
  languageName: node
  linkType: hard

"is-fullwidth-code-point@npm:^3.0.0":
  version: 3.0.0
  resolution: "is-fullwidth-code-point@npm:3.0.0"
  checksum: c06b5792b82dcdedb41858cdb07ca4ae5b9a853ad65c91529533221f384d751bedd8ad8db5a527cb219fd989c32a0faa0833312b6a190fe597acdd23165ef724
  languageName: node
  linkType: hard

"is-lambda@npm:^1.0.1":
  version: 1.0.1
  resolution: "is-lambda@npm:1.0.1"
  checksum: 8e761e558bf60bd3682648e6ecb6333e9ad9c5a6fef2a9ca879deef1a40478e5f7e18999fc3630ef8b879cf00bc0248ffa5616aa4251917a7f87f066841310aa
  languageName: node
  linkType: hard

"is-typedarray@npm:^1.0.0":
  version: 1.0.0
  resolution: "is-typedarray@npm:1.0.0"
  checksum: f918df0d4215dbde9d0d29375cf39e353abe59ef3964862afc87bb6ce503e7439f4131260a7b1777074f5fcc64f659c75a4ce5a93ceb603901375cd0b13eedab
  languageName: node
  linkType: hard

"isexe@npm:^2.0.0":
  version: 2.0.0
  resolution: "isexe@npm:2.0.0"
  checksum: b37fe0a7983c0c151c7b31ca716405aaea190ac9cd6ef3f79355f4afb043ed4d3182a6addd73b20df7a0b229269737ad0daf64116821a048bfbe6b8fb7eb842c
  languageName: node
  linkType: hard

"js-tokens@npm:^3.0.0 || ^4.0.0":
  version: 4.0.0
  resolution: "js-tokens@npm:4.0.0"
  checksum: 47d1c18dc6b9eed4baf1db3d81b36feb95b463201c82ffce0d7a4d65ede596ba97d6ac2468974199705db9ef8a3433606af41fc7bbe7cb25c1dd601785413d9b
  languageName: node
  linkType: hard

"loose-envify@npm:^1.1.0":
  version: 1.4.0
  resolution: "loose-envify@npm:1.4.0"
  dependencies:
    js-tokens: "npm:^3.0.0 || ^4.0.0"
  bin:
    loose-envify: cli.js
  checksum: 39c5fc44c6a8f7f8a92cccf174554fbb307477ef493760407920fdd4ed5f6cc1aec5b6a5ab3c3767ef79547b3e1aea09d8ca08d773232c662d910cfe473a0590
  languageName: node
  linkType: hard

"lru-cache@npm:^6.0.0":
  version: 6.0.0
  resolution: "lru-cache@npm:6.0.0"
  dependencies:
    yallist: "npm:^4.0.0"
  checksum: b2d72088dd27df27189607554990b0fd31d3fbd4037df909ef66f48a14122baf8ffce7f33edc17e6543ea7cd71fa561136518355dde2ad57676fa0b2ea53b85f
  languageName: node
  linkType: hard

"lru-cache@npm:^7.7.1":
  version: 7.14.1
  resolution: "lru-cache@npm:7.14.1"
  checksum: e4c8c073d9632585dde73bb2c857c22866f61f3ee75fea6e1dcc5412b59eca4107bc511c4b4ae4e038c7f59a15488b67448b24a3a1154def46c8ab1d07935d85
  languageName: node
  linkType: hard

"make-fetch-happen@npm:^10.0.3":
  version: 10.2.1
  resolution: "make-fetch-happen@npm:10.2.1"
  dependencies:
    agentkeepalive: "npm:^4.2.1"
    cacache: "npm:^16.1.0"
    http-cache-semantics: "npm:^4.1.0"
    http-proxy-agent: "npm:^5.0.0"
    https-proxy-agent: "npm:^5.0.0"
    is-lambda: "npm:^1.0.1"
    lru-cache: "npm:^7.7.1"
    minipass: "npm:^3.1.6"
    minipass-collect: "npm:^1.0.2"
    minipass-fetch: "npm:^2.0.3"
    minipass-flush: "npm:^1.0.5"
    minipass-pipeline: "npm:^1.2.4"
    negotiator: "npm:^0.6.3"
    promise-retry: "npm:^2.0.1"
    socks-proxy-agent: "npm:^7.0.0"
    ssri: "npm:^9.0.0"
  checksum: cf0d4b94fb0b022d41373fe7ce0f2a170a7c2668c7404f985c4fa6fe465c24cc3d1a6a84e0a6d4b2cd60cf7d41ec26cc5205d258e15f06c33179c14a31a5e4bd
  languageName: node
  linkType: hard

"minimatch@npm:^3.1.1":
  version: 3.1.2
  resolution: "minimatch@npm:3.1.2"
  dependencies:
    brace-expansion: "npm:^1.1.7"
  checksum: 97f5615ee8f7c0019277dadef7b2b81e5c60d369cb3155cbfb9da72688aef2edb652b105353ff08a6575ae95a6189d1c09a0829b9c254f60849148457c4d8a66
  languageName: node
  linkType: hard

"minimatch@npm:^5.0.1":
  version: 5.1.6
  resolution: "minimatch@npm:5.1.6"
  dependencies:
    brace-expansion: "npm:^2.0.1"
  checksum: 0c0446ede579b1736bfea4efb288c2dea17ce80fd0339d00547625ed97a60ed403c7c2fb141211119937a811bc635b3f0f44debeb9d7870b3f58cf0fe78ddccc
  languageName: node
  linkType: hard

"minipass-collect@npm:^1.0.2":
  version: 1.0.2
  resolution: "minipass-collect@npm:1.0.2"
  dependencies:
    minipass: "npm:^3.0.0"
  checksum: 4d608e8a292ec87dd1a7d881c314effe341a7d7f52eb416270a243f8ea7f4e23b40b2785f5ce9c6c7841e1453841019efd5db05b427288b897c96f62afbc1f17
  languageName: node
  linkType: hard

"minipass-fetch@npm:^2.0.3":
  version: 2.1.2
  resolution: "minipass-fetch@npm:2.1.2"
  dependencies:
    encoding: "npm:^0.1.13"
    minipass: "npm:^3.1.6"
    minipass-sized: "npm:^1.0.3"
    minizlib: "npm:^2.1.2"
  dependenciesMeta:
    encoding:
      optional: true
  checksum: 8ec17c0895d8890b863bbdf860e25bc2f81580c0bbc2cfc05d220f8b5bc255203ee1931f54821e299fd1d5a53d63bfaca20a813a2f45e881423d096c24940366
  languageName: node
  linkType: hard

"minipass-flush@npm:^1.0.5":
  version: 1.0.5
  resolution: "minipass-flush@npm:1.0.5"
  dependencies:
    minipass: "npm:^3.0.0"
  checksum: 6e851bd0640e5406633b0aa77e889d4175eb3d12b55173e999e6dd1fc06ed13982277e012d6f41dc28a2167278d9480697893f6cd286c46c10fdfd735e05d45d
  languageName: node
  linkType: hard

"minipass-pipeline@npm:^1.2.4":
  version: 1.2.4
  resolution: "minipass-pipeline@npm:1.2.4"
  dependencies:
    minipass: "npm:^3.0.0"
  checksum: 07dd09bf3c6f546ef407e7a36bca4cd2235d54695c083dc5815052e36cbdd46e55a7c0dae2801983c73257adc7aa613e375c8350587bc50a6a10e1a6b55f9965
  languageName: node
  linkType: hard

"minipass-sized@npm:^1.0.3":
  version: 1.0.3
  resolution: "minipass-sized@npm:1.0.3"
  dependencies:
    minipass: "npm:^3.0.0"
  checksum: 54591ac7e54571e91df602e3c1018f4048ee12a3407dfab8140e0b03cb149c16ae67e94d36682c0869a683b8443470e354dba123ea83914c87ff22d8d8628fea
  languageName: node
  linkType: hard

"minipass@npm:^3.0.0, minipass@npm:^3.1.1, minipass@npm:^3.1.6":
  version: 3.3.6
  resolution: "minipass@npm:3.3.6"
  dependencies:
    yallist: "npm:^4.0.0"
  checksum: 9704cf677a05e82174c1a0765260f877ce3b4f09858b6c80a07a38a41ff661a2913a482f82faa73b89fc23ee3bcc4cff04d7e8ce6951de4fc2c2108d360b6f1f
  languageName: node
  linkType: hard

"minipass@npm:^4.0.0":
  version: 4.0.1
  resolution: "minipass@npm:4.0.1"
  checksum: 47cdef2b0853451b5adbd2db83121f4bfd134d02c0f16274b22a6f34dae03759e6e1da8743540962e7ec361beffcce29d149f29428373a0bfa72505bf706dc97
  languageName: node
  linkType: hard

"minizlib@npm:^2.1.1, minizlib@npm:^2.1.2":
  version: 2.1.2
  resolution: "minizlib@npm:2.1.2"
  dependencies:
    minipass: "npm:^3.0.0"
    yallist: "npm:^4.0.0"
  checksum: c0071edb242d6808652840614193316e82d012b79ff1997352de3df1c19b7580d3d4790c462c8506b1f4225f08162ebba88ebceb1529d168304b06b23757e88d
  languageName: node
  linkType: hard

"mkdirp@npm:^1.0.3, mkdirp@npm:^1.0.4":
  version: 1.0.4
  resolution: "mkdirp@npm:1.0.4"
  bin:
    mkdirp: bin/cmd.js
  checksum: 123361119829ab8115234f36ed8ef8f697b0f6f83ec9f9bc8f76da587487976d74bc874ffa892e7a66df607fa8f2cc758eed8db225e9cd3a84846350209e53db
  languageName: node
  linkType: hard

"ms@npm:2.0.0":
  version: 2.0.0
  resolution: "ms@npm:2.0.0"
  checksum: de027828fc294bd9673f72caecf73f50eac7baf28a0dec371de03600a0aa5a891b0cb7f84a45071eac306c9dd260aed8e2174695cf3a99eaa37f663871241da9
  languageName: node
  linkType: hard

"ms@npm:2.1.2":
  version: 2.1.2
  resolution: "ms@npm:2.1.2"
  checksum: 3f46af60a08158f1c77746c06c2f6c7aba7feddafd41335f9baa2d7e0741d7539774aa7d5d1661a7f2b7eed55a7063771297eea016051924dbb04d4c2bf40bcb
  languageName: node
  linkType: hard

"ms@npm:^2.0.0":
  version: 2.1.3
  resolution: "ms@npm:2.1.3"
  checksum: 78c12f6b473a022ebacc393fc14b76fe40b8feda7218124b86c4684e440e10377a063bec1d3902df1f74714f02b74b36ad7d3a6de9e2fbffa26fc29e5ce018fc
  languageName: node
  linkType: hard

"nanoid@npm:^3.3.4":
  version: 3.3.4
  resolution: "nanoid@npm:3.3.4"
  bin:
    nanoid: bin/nanoid.cjs
  checksum: 53d605377c76614170df4b5a8d3fa21f13c7077453a77e2393a9fe3df5722022f6b94a671f406b51f81e9c937a6928555c1589e3c46a0d9d29f31872d1362246
  languageName: node
  linkType: hard

"negotiator@npm:^0.6.3":
  version: 0.6.3
  resolution: "negotiator@npm:0.6.3"
  checksum: d8e3b42d99638b1f363ce114c98e6906ade395c230058e50644417bd398b01381133dbca4bc49f30f6b1c93254e4b5a2d50cc47adcdabf2a8476b6f16311ad5d
  languageName: node
  linkType: hard

"next-tick@npm:^1.1.0":
  version: 1.1.0
  resolution: "next-tick@npm:1.1.0"
  checksum: 0b44d1797b96711313e6262b70bd3b5f65344544cf157af056946d31d441fa680ecfc4095506b49c99c981dc4a4a7d7ff76ba30881ac29facbb6a1c75edb74c1
  languageName: node
  linkType: hard

"next@npm:13.1.6":
  version: 13.1.6
  resolution: "next@npm:13.1.6"
  dependencies:
    "@next/env": "npm:13.1.6"
    "@next/swc-android-arm-eabi": "npm:13.1.6"
    "@next/swc-android-arm64": "npm:13.1.6"
    "@next/swc-darwin-arm64": "npm:13.1.6"
    "@next/swc-darwin-x64": "npm:13.1.6"
    "@next/swc-freebsd-x64": "npm:13.1.6"
    "@next/swc-linux-arm-gnueabihf": "npm:13.1.6"
    "@next/swc-linux-arm64-gnu": "npm:13.1.6"
    "@next/swc-linux-arm64-musl": "npm:13.1.6"
    "@next/swc-linux-x64-gnu": "npm:13.1.6"
    "@next/swc-linux-x64-musl": "npm:13.1.6"
    "@next/swc-win32-arm64-msvc": "npm:13.1.6"
    "@next/swc-win32-ia32-msvc": "npm:13.1.6"
    "@next/swc-win32-x64-msvc": "npm:13.1.6"
    "@swc/helpers": "npm:0.4.14"
    caniuse-lite: "npm:^1.0.30001406"
    postcss: "npm:8.4.14"
    styled-jsx: "npm:5.1.1"
  peerDependencies:
    fibers: ">= 3.1.0"
    node-sass: ^6.0.0 || ^7.0.0
    react: ^18.2.0
    react-dom: ^18.2.0
    sass: ^1.3.0
  dependenciesMeta:
    "@next/swc-android-arm-eabi":
      optional: true
    "@next/swc-android-arm64":
      optional: true
    "@next/swc-darwin-arm64":
      optional: true
    "@next/swc-darwin-x64":
      optional: true
    "@next/swc-freebsd-x64":
      optional: true
    "@next/swc-linux-arm-gnueabihf":
      optional: true
    "@next/swc-linux-arm64-gnu":
      optional: true
    "@next/swc-linux-arm64-musl":
      optional: true
    "@next/swc-linux-x64-gnu":
      optional: true
    "@next/swc-linux-x64-musl":
      optional: true
    "@next/swc-win32-arm64-msvc":
      optional: true
    "@next/swc-win32-ia32-msvc":
      optional: true
    "@next/swc-win32-x64-msvc":
      optional: true
  peerDependenciesMeta:
    fibers:
      optional: true
    node-sass:
      optional: true
    sass:
      optional: true
  bin:
    next: dist/bin/next
  checksum: 5d87e3149359780f813a6a360f5c575a031f8104818b7532803ab7dea940fffbb235d11758075f7aa3ee99b5a91839e3b021d1175d95622f7ba49c27288b8c7b
  languageName: node
  linkType: hard

"node-fetch@npm:2.6.7":
  version: 2.6.7
  resolution: "node-fetch@npm:2.6.7"
  dependencies:
    whatwg-url: "npm:^5.0.0"
  peerDependencies:
    encoding: ^0.1.0
  peerDependenciesMeta:
    encoding:
      optional: true
  checksum: 05c03fe66f38b9e349e691caf121b693a91adb41ab59c3af17d2c5f9d2f8d927c30b428e7c8049b739c674db06171117ba9d10dc72d6a2cf35ba8901dfb4de83
  languageName: node
  linkType: hard

"node-gyp-build@npm:^4.3.0":
  version: 4.6.0
  resolution: "node-gyp-build@npm:4.6.0"
  bin:
    node-gyp-build: bin.js
    node-gyp-build-optional: optional.js
    node-gyp-build-test: build-test.js
  checksum: 59a4823fb894eda6adff30805cad6883530b4499381252882e5dfff1f6cd7cc835aa0db3ab8c281f3092d9cec0d056bce2b85ec875c274f8068f8ed97763231f
  languageName: node
  linkType: hard

"node-gyp@npm:latest":
  version: 9.3.1
  resolution: "node-gyp@npm:9.3.1"
  dependencies:
    env-paths: "npm:^2.2.0"
    glob: "npm:^7.1.4"
    graceful-fs: "npm:^4.2.6"
    make-fetch-happen: "npm:^10.0.3"
    nopt: "npm:^6.0.0"
    npmlog: "npm:^6.0.0"
    rimraf: "npm:^3.0.2"
    semver: "npm:^7.3.5"
    tar: "npm:^6.1.2"
    which: "npm:^2.0.2"
  bin:
    node-gyp: bin/node-gyp.js
  checksum: 40aca5b9b3cc5715d5407101d69826927db9a2cf140f113ac52e239a10b15fbae277844ff815c05bcaa9c9fc5256e4e23b3ce3bdace573429d929e3b5df99845
  languageName: node
  linkType: hard

"nopt@npm:^6.0.0":
  version: 6.0.0
  resolution: "nopt@npm:6.0.0"
  dependencies:
    abbrev: "npm:^1.0.0"
  bin:
    nopt: bin/nopt.js
  checksum: 6ae5c083c5b205d0850f3b00c093cb0b1d4fb28fb69c68c3f933048e666695b1f218db6a4a7f61a4bae2f127268f526a7f2764223208e4dd527c51c56c49a5c7
  languageName: node
  linkType: hard

"npmlog@npm:^6.0.0":
  version: 6.0.2
  resolution: "npmlog@npm:6.0.2"
  dependencies:
    are-we-there-yet: "npm:^3.0.0"
    console-control-strings: "npm:^1.1.0"
    gauge: "npm:^4.0.3"
    set-blocking: "npm:^2.0.0"
  checksum: c04307b2991f128df6f3bb71c36fa56a65397f56f02a565ed269786ecd5609818e6cae36de3371555e52fdf049a5649a3591ac3bb432a2a0146d67093c4be93c
  languageName: node
  linkType: hard

"once@npm:^1.3.0":
  version: 1.4.0
  resolution: "once@npm:1.4.0"
  dependencies:
    wrappy: "npm:1"
  checksum: 12d5c6ece331855387577e71c96ab5b60269390b131cf9403494206274fa520221c88f8b8d431d7227d080127730460da8907c402ab4142e592c34aacb5c9817
  languageName: node
  linkType: hard

"p-map@npm:^4.0.0":
  version: 4.0.0
  resolution: "p-map@npm:4.0.0"
  dependencies:
    aggregate-error: "npm:^3.0.0"
  checksum: 619df8954fe81933903bc760e9884d85540ef7e8f6c24c4e28e2c8f0ad14d480bb7d4541787eee2e2d61aa0fae8b54abc42f7afc35db457884e589386e78a922
  languageName: node
  linkType: hard

"path-is-absolute@npm:^1.0.0":
  version: 1.0.1
  resolution: "path-is-absolute@npm:1.0.1"
  checksum: 6bb8fef4324c3f744e5d216980aa053095e1fc533d40fa47f9c1adc16be7fa52d3c4858370c7685406c32ab143a4dca0798f2e2c0f57d7937af66d8dd79267f6
  languageName: node
  linkType: hard

"picocolors@npm:^1.0.0":
  version: 1.0.0
  resolution: "picocolors@npm:1.0.0"
  checksum: 447e1f6e4953522a3947f2effa93dca66f2436a7c275327ba1a7fb526eab369fc9847d77ebcd734dc483322256f34b431e93a325e44726e4ec390c11cc7f5c87
  languageName: node
  linkType: hard

"postcss@npm:8.4.14":
  version: 8.4.14
  resolution: "postcss@npm:8.4.14"
  dependencies:
    nanoid: "npm:^3.3.4"
    picocolors: "npm:^1.0.0"
    source-map-js: "npm:^1.0.2"
  checksum: 1e1e4a4cc235674bea79da18dd3e02ea8ffcd51546c7ddf1fc7ba4de5e89154a83988bb8c1b30bd9566df56fc0077dce6e620d8f9ce6ababf60f659ffc53f72c
  languageName: node
  linkType: hard

"promise-inflight@npm:^1.0.1":
  version: 1.0.1
  resolution: "promise-inflight@npm:1.0.1"
  checksum: 7671022d3ea7e40e29ee941d30df819ed2a81a3d22b1175ed8c1bd83af542ea94ca47b50bea54634b12f7b1837fcd7dd5bcc7720910befa0076d12582ee56c93
  languageName: node
  linkType: hard

"promise-retry@npm:^2.0.1":
  version: 2.0.1
  resolution: "promise-retry@npm:2.0.1"
  dependencies:
    err-code: "npm:^2.0.2"
    retry: "npm:^0.12.0"
  checksum: cbff149b3327554f3613196ca300a77aefac289624148c37e5c9236242931691a4ba0a76fd1c6171e6a3e6a2b1edfa2acdf122004857e6f3e3efd1be29df6cd2
  languageName: node
  linkType: hard

"react-dom@npm:18.2.0":
  version: 18.2.0
  resolution: "react-dom@npm:18.2.0"
  dependencies:
    loose-envify: "npm:^1.1.0"
    scheduler: "npm:^0.23.0"
  peerDependencies:
    react: ^18.2.0
  checksum: 7c5b915fb793d63563cec1f721e059e6ff0e2855ac116ab5cb7450b6c59398f5e25f95c960ce5cb93504cc58ab724a75a78e99282354e702a0e667d0d787d028
  languageName: node
  linkType: hard

"react@npm:18.2.0":
  version: 18.2.0
  resolution: "react@npm:18.2.0"
  dependencies:
    loose-envify: "npm:^1.1.0"
  checksum: 8434e5782c52b3bf18a80b666348977924ee3827895fa03ec3ffb9faca90c460049f14130428dd1546bab6cf3b2c277f2c243d3c2a856501331d2e69c24b2bb9
  languageName: node
  linkType: hard

"readable-stream@npm:^3.6.0":
  version: 3.6.0
  resolution: "readable-stream@npm:3.6.0"
  dependencies:
    inherits: "npm:^2.0.3"
    string_decoder: "npm:^1.1.1"
    util-deprecate: "npm:^1.0.1"
  checksum: bda7b24d3910bf0ec4a1df3c540e1b97b1ed3ca49ea0ddc0d2c6bf29d3997251a7244608de1d842555641d1c115d9b3566167fef9225ee6ef147c9e6a539395b
  languageName: node
  linkType: hard

"retry@npm:^0.12.0":
  version: 0.12.0
  resolution: "retry@npm:0.12.0"
  checksum: 1c3616bdf89aa6f887bcca2b86603c255f4b497577f6a54f33262f4f314b8516d65e251f717b45e2a5ec234359999015a9e2263b38467544188210327e638ac3
  languageName: node
  linkType: hard

"rimraf@npm:^3.0.2":
  version: 3.0.2
  resolution: "rimraf@npm:3.0.2"
  dependencies:
    glob: "npm:^7.1.3"
  bin:
    rimraf: bin.js
  checksum: b786c9ad52df9fbcd9c7120e105f3150b83b39dd87d9235a93b0c7e806575e1e68936504ff64563dbe67b3f8bbbc00bdfff586157d402ee8990e7143456511c0
  languageName: node
  linkType: hard

"safe-buffer@npm:~5.2.0":
  version: 5.2.1
  resolution: "safe-buffer@npm:5.2.1"
  checksum: da8a21b3336a21c152eb3ba8ab41acde5772644f026d4b6e5f9fd8afa4f0cf407c113b19a362580fab9aea8beea295465432fc7684f9ff38aac559bb1b5528cd
  languageName: node
  linkType: hard

"safer-buffer@npm:>= 2.1.2 < 3.0.0":
  version: 2.1.2
  resolution: "safer-buffer@npm:2.1.2"
  checksum: d4199666e9e792968c0b88c2c35dd400f56d3eecb9affbcf5207922822eadf30cc06995bae3c5d0a653851bbd40fc0af578bf046bbf734199ce22433ba4da659
  languageName: node
  linkType: hard

"scheduler@npm:^0.23.0":
  version: 0.23.0
  resolution: "scheduler@npm:0.23.0"
  dependencies:
    loose-envify: "npm:^1.1.0"
  checksum: f4022b95cdc282668643da4850f55fe70c899aa956d11819f196e2ca892271bdb253613e53997852094f9351f7c72d057eea8b28d9b4bcb93bcb1c6d09985c82
  languageName: node
  linkType: hard

"semver@npm:^7.3.5":
  version: 7.3.8
  resolution: "semver@npm:7.3.8"
  dependencies:
    lru-cache: "npm:^6.0.0"
  bin:
    semver: bin/semver.js
  checksum: 94ad80ee14889020cb4a14d809fb99d16cbf4ff3dc7f4c564fc72efe2c5763a60090a1c16a9fd18ceeb1e993a1303a4d870c0a22f26adaf435b368b46a7d8462
  languageName: node
  linkType: hard

"set-blocking@npm:^2.0.0":
  version: 2.0.0
  resolution: "set-blocking@npm:2.0.0"
  checksum: 9e8f5aeb7cd850a60b5dbf47d42051137c14f58f375d9a70ca227b797d6ffed3dabf659587d2f183231085f1da2dc3067e2af9f5fcd66fb65c98da5fb54a22fb
  languageName: node
  linkType: hard

"signal-exit@npm:^3.0.7":
  version: 3.0.7
  resolution: "signal-exit@npm:3.0.7"
  checksum: 5cf7525c55a72d8d104d914acf2e470f74b2c156197277ad7b331bc5de3d8790170fed3c82ff98c7c31adaa8ff941bfd5ba44f55171cbe8ed0e939fa82a8322a
  languageName: node
  linkType: hard

"smart-buffer@npm:^4.2.0":
  version: 4.2.0
  resolution: "smart-buffer@npm:4.2.0"
  checksum: 898a5ce4651108164625916aa54b6f7c13e86279a31dd321737d27c4b795cfaaeb1c30417f8809029d80d20710d8a5045998afd35e0f1080b32648f5670aa99b
  languageName: node
  linkType: hard

"socks-proxy-agent@npm:^7.0.0":
  version: 7.0.0
  resolution: "socks-proxy-agent@npm:7.0.0"
  dependencies:
    agent-base: "npm:^6.0.2"
    debug: "npm:^4.3.3"
    socks: "npm:^2.6.2"
  checksum: d57c2c68a2c16a2ac0af30971e1c4899e80cab3bbe405fe2fa3fce26ccd007fe855110b97c0e6d96ddc56926e1e5927a868070cb09185a768d1ad8cbe1a68aa5
  languageName: node
  linkType: hard

"socks@npm:^2.6.2":
  version: 2.7.1
  resolution: "socks@npm:2.7.1"
  dependencies:
    ip: "npm:^2.0.0"
    smart-buffer: "npm:^4.2.0"
  checksum: a8026d6abfcd168a661240848f6989fbba66276e8fa97ff1cb1079c2f3c6907dcc8284fcbc4f6d3fee8d071afb4fc8313da7e5fbf6d8768f206347a671f1542b
  languageName: node
  linkType: hard

"source-map-js@npm:^1.0.2":
  version: 1.0.2
  resolution: "source-map-js@npm:1.0.2"
  checksum: 4496d29f371909dbc27dfb302f31cadc70b6f1591b2b433337daf923fac30e9632523e169494b40d06b53228166a577875a3610bce3412de8bb600152f748a9c
  languageName: node
  linkType: hard

"ssri@npm:^9.0.0":
  version: 9.0.1
  resolution: "ssri@npm:9.0.1"
  dependencies:
    minipass: "npm:^3.1.1"
  checksum: ec9e6fbb74ccb030391fc33aa1a8373014f1cdde570e389cf25f201604d6889035fc8b4409a6e8e787d75ddad892839c0e5a4ea6b67e7ab91f3c619e5e6e087a
  languageName: node
  linkType: hard

"string-width@npm:^1.0.2 || 2 || 3 || 4, string-width@npm:^4.2.3":
  version: 4.2.3
  resolution: "string-width@npm:4.2.3"
  dependencies:
    emoji-regex: "npm:^8.0.0"
    is-fullwidth-code-point: "npm:^3.0.0"
    strip-ansi: "npm:^6.0.1"
  checksum: aa0f3e082b461e0dc8c54334ef2c748b777e7529c34d348ee16e69690da45e24f223804d94060633126462e2aa4906d6fbfab882f34036a9f4ccd3dbcd2d6931
  languageName: node
  linkType: hard

"string_decoder@npm:^1.1.1":
  version: 1.3.0
  resolution: "string_decoder@npm:1.3.0"
  dependencies:
    safe-buffer: "npm:~5.2.0"
  checksum: c6b892bdb15861a68c4f9599bdff3909c70b1a2cee73d226a235b8fbadfc0aa060bdd265cb3fd86e856cee6d98cd0d657f84098cb51241f4fae19d0cacf9e13e
  languageName: node
  linkType: hard

"strip-ansi@npm:^6.0.1":
  version: 6.0.1
  resolution: "strip-ansi@npm:6.0.1"
  dependencies:
    ansi-regex: "npm:^5.0.1"
  checksum: 056ca08f8097351060572eee207ec66247937d7248780a3d643b5eed7d6b5ca6a0990a4f921ffd329e8e9b66427a384237892ac3cb47463adf7d040b154084ec
  languageName: node
  linkType: hard

"styled-jsx@npm:5.1.1":
  version: 5.1.1
  resolution: "styled-jsx@npm:5.1.1"
  dependencies:
    client-only: "npm:0.0.1"
  peerDependencies:
    react: ">= 16.8.0 || 17.x.x || ^18.0.0-0"
  peerDependenciesMeta:
    "@babel/core":
      optional: true
    babel-plugin-macros:
      optional: true
  checksum: 709de74259b62aa9b9184f60fd157c5723e3a92be87eff16ca2aa20a7b4f71e680c6fedf3a5d8bc66ec79f8bde756a49d19edc47c9dbe3d98e9ae095f09a350c
  languageName: node
  linkType: hard

"tar@npm:^6.1.11, tar@npm:^6.1.2":
  version: 6.1.13
  resolution: "tar@npm:6.1.13"
  dependencies:
    chownr: "npm:^2.0.0"
    fs-minipass: "npm:^2.0.0"
    minipass: "npm:^4.0.0"
    minizlib: "npm:^2.1.1"
    mkdirp: "npm:^1.0.3"
    yallist: "npm:^4.0.0"
  checksum: b1254685cb870858a072a6863d7f769c5c27f964166cacdf2fee4aac526dc8949fb9cd609a9e0a77e5cb8f993e2d38c966c52de0e71827e8f14a3d4cd43209db
  languageName: node
  linkType: hard

"tr46@npm:~0.0.3":
  version: 0.0.3
  resolution: "tr46@npm:0.0.3"
  checksum: c670667f2df1c0983b48ee7e81d6013ab304f73573e9e4292233821b2219504307bedffc303c32df30813a9138114b8b084c81dea94fb68f08aca7770af98578
  languageName: node
  linkType: hard

"tslib@npm:^2.4.0":
  version: 2.5.0
  resolution: "tslib@npm:2.5.0"
  checksum: 5a6ee935f56cd653af29de928483acbab7323f964b053e98b6b318abc69431fb0e4f660c4f4a396e2e93852510bef25eeb9f1d951d060b2d7bcc313811e5da6f
  languageName: node
  linkType: hard

"type@npm:^1.0.1":
  version: 1.2.0
  resolution: "type@npm:1.2.0"
  checksum: a86e9a842ca3c1fb124ecd7ff26671224d56dde9105e341a106bb68808524c75a7bf892d184378763fa5e2e6098761f483d334a5f0bea56b2dbfd19be5b02d1a
  languageName: node
  linkType: hard

"type@npm:^2.7.2":
  version: 2.7.2
  resolution: "type@npm:2.7.2"
  checksum: 1b6ec885f5acae713f69fa19007d50f89de616fff3f3e2efb9752a52a70c649ecb1457ad156c8c1962fc9e9dad7e7a60ff437aac258b5cb758417c82403bf294
  languageName: node
  linkType: hard

"typedarray-to-buffer@npm:^3.1.5":
  version: 3.1.5
  resolution: "typedarray-to-buffer@npm:3.1.5"
  dependencies:
    is-typedarray: "npm:^1.0.0"
  checksum: 77dee0df8aedfbe8916f6a6a06d720ff15c5846ee6f1d7097a5421906a3d99be61cd93099de4fb93bc7a6f9b7e9bcb7d25b7c7a71a5f63d00dae2f222f7a5d9d
  languageName: node
  linkType: hard

"unique-filename@npm:^2.0.0":
  version: 2.0.1
  resolution: "unique-filename@npm:2.0.1"
  dependencies:
    unique-slug: "npm:^3.0.0"
  checksum: 1efaebd1b9df4770537f73b040adc8ef2b7da29b837388d97d6d78a4a739dc67bc491e45d381a377bc80ee838e7e1dc904193b3e73cd6c117d96f92b3a09ed46
  languageName: node
  linkType: hard

"unique-slug@npm:^3.0.0":
  version: 3.0.0
  resolution: "unique-slug@npm:3.0.0"
  dependencies:
    imurmurhash: "npm:^0.1.4"
  checksum: ae31bb1d8126400e512385ec239b3ca40f6a8790af9d6dedb0842b340b3ecc0a7de413ff270f3ea3dae1565c6f745ab6e28363387cd32ecddbe0fc72ee247303
  languageName: node
  linkType: hard

"utf-8-validate@npm:^5.0.2":
  version: 5.0.10
  resolution: "utf-8-validate@npm:5.0.10"
  dependencies:
    node-gyp: "npm:latest"
    node-gyp-build: "npm:^4.3.0"
  checksum: a1367352a2132efec0b492f8bf11a79b73c97258d8503fad65eb2f33d7ea7aaa61e479b47e0db3aa9a759d464626edb643c6eca79a4352c4d2392bbe28701063
  languageName: node
  linkType: hard

"util-deprecate@npm:^1.0.1":
  version: 1.0.2
  resolution: "util-deprecate@npm:1.0.2"
  checksum: 6a88ed8344d07f2324b304ee36def365d967953b5a9c15baa3213eb3909e86a7da1ee70a4c2133e80c23d6c1987590e9c3c57d874e20a124f9e41620b462fa57
  languageName: node
  linkType: hard

"webidl-conversions@npm:^3.0.0":
  version: 3.0.1
  resolution: "webidl-conversions@npm:3.0.1"
  checksum: 57c8c5fdd986be5432ea6adacd87d6757144289d3b48b33441e7310bd4f4f6d782dd34acbd74d61e923c142cc50333d27ba58235692fa7248541c0bcce2563e1
  languageName: node
  linkType: hard

"websocket@npm:^1.0.34":
  version: 1.0.34
  resolution: "websocket@npm:1.0.34"
  dependencies:
    bufferutil: "npm:^4.0.1"
    debug: "npm:^2.2.0"
    es5-ext: "npm:^0.10.50"
    typedarray-to-buffer: "npm:^3.1.5"
    utf-8-validate: "npm:^5.0.2"
    yaeti: "npm:^0.0.6"
  checksum: 059b338bd0ce26713d5055a170b4e14daeff9f6fb55b1f45ed6f3ec5abcf214e2a70f9e0a11f86d2e54ab95c897c5b217f2aff70682b159b2eb9f9e2f824c0e3
  languageName: node
  linkType: hard

"whatwg-url@npm:^5.0.0":
  version: 5.0.0
  resolution: "whatwg-url@npm:5.0.0"
  dependencies:
    tr46: "npm:~0.0.3"
    webidl-conversions: "npm:^3.0.0"
  checksum: bd0cc6b75b84b3d032e30712e2f40eefbc07ecd14f093e87b2f81bb68bce10a3961e8eb646a7a8cc9c2352548fb501eeff668c8b2595fd7c6ea91d1406ce11ee
  languageName: node
  linkType: hard

"which@npm:^2.0.2":
  version: 2.0.2
  resolution: "which@npm:2.0.2"
  dependencies:
    isexe: "npm:^2.0.0"
  bin:
    node-which: ./bin/node-which
  checksum: 3728616c789b289c36ba2572887145e0736f06fe3435b8fef17e27eb5ec0696f61a21e356dd7fa58486346e57186863afa1b6c27c7665f7e674c8124f7f61157
  languageName: node
  linkType: hard

"wide-align@npm:^1.1.5":
  version: 1.1.5
  resolution: "wide-align@npm:1.1.5"
  dependencies:
    string-width: "npm:^1.0.2 || 2 || 3 || 4"
  checksum: 39915f81cdc6cee1f54bfd7672619cc6d0bd558089f968ea7831324cd4b5ed00e78e710a64f05e5d75ed7880e45eef97295907f68d5aabb9d2899436c917b275
  languageName: node
  linkType: hard

"wrappy@npm:1":
  version: 1.0.2
  resolution: "wrappy@npm:1.0.2"
  checksum: 37d243a577dfeee20586eae1e3208dfb4e4cea1211a2a4116a19b50d91e619ff3dbc5ec934e28ca9baaa11a65df826c8d65c5fd1bb81f0ce0dadb469d47061c2
  languageName: node
  linkType: hard

"yaeti@npm:^0.0.6":
  version: 0.0.6
  resolution: "yaeti@npm:0.0.6"
  checksum: 6b672efb547f6b2171f07da54e6e9a61df42ed08a01b06564af1d8594fe91ffcab98a1f351d726334cbe5c3d54301dd211232a2027dde96550a146545e8ebb8d
  languageName: node
  linkType: hard

"yallist@npm:^4.0.0":
  version: 4.0.0
  resolution: "yallist@npm:4.0.0"
  checksum: cd7fe32508c6942d8b979278fbe13846fe88cd6840d78043d08c6b2c74d67ce38b58bd21618dca8a4e132dcc025fc0e66a7d87ca10cf6ed338465607ebff4378
  languageName: node
  linkType: hard
